// !$*UTF8*$!
{
	archiveVersion = 1;
	classes = {
	};
	objectVersion = 46;
	objects = {

/* Begin PBXBuildFile section */
		09144A7313C2997E00388B00 /* Entitlements.plist in Resources */ = {isa = PBXBuildFile; fileRef = 09144A7213C2997E00388B00 /* Entitlements.plist */; };
		092354B313A1D7EB00DA740F /* CFNetwork.framework in Frameworks */ = {isa = PBXBuildFile; fileRef = 092354B213A1D7EB00DA740F /* CFNetwork.framework */; };
		092354B513A1D7F000DA740F /* SystemConfiguration.framework in Frameworks */ = {isa = PBXBuildFile; fileRef = 092354B413A1D7F000DA740F /* SystemConfiguration.framework */; };
		092354B713A1D83C00DA740F /* MobileCoreServices.framework in Frameworks */ = {isa = PBXBuildFile; fileRef = 092354B613A1D83C00DA740F /* MobileCoreServices.framework */; };
		094ACA0014367ACD008398F8 /* Parse.framework in Frameworks */ = {isa = PBXBuildFile; fileRef = 094AC9FF14367ACD008398F8 /* Parse.framework */; };
		095ACE8613C68EA300566243 /* AudioToolbox.framework in Frameworks */ = {isa = PBXBuildFile; fileRef = 095ACE8513C68EA300566243 /* AudioToolbox.framework */; };
		099CCEAD13F9E3760039A464 /* libz.1.1.3.dylib in Frameworks */ = {isa = PBXBuildFile; fileRef = 099CCEAC13F9E3760039A464 /* libz.1.1.3.dylib */; };
		09ABC07213A1D52D009C3FCF /* UIKit.framework in Frameworks */ = {isa = PBXBuildFile; fileRef = 09ABC07113A1D52D009C3FCF /* UIKit.framework */; };
		09ABC07413A1D52D009C3FCF /* Foundation.framework in Frameworks */ = {isa = PBXBuildFile; fileRef = 09ABC07313A1D52D009C3FCF /* Foundation.framework */; };
		09ABC07C13A1D52D009C3FCF /* InfoPlist.strings in Resources */ = {isa = PBXBuildFile; fileRef = 09ABC07A13A1D52D009C3FCF /* InfoPlist.strings */; };
		09ABC07F13A1D52D009C3FCF /* main.m in Sources */ = {isa = PBXBuildFile; fileRef = 09ABC07E13A1D52D009C3FCF /* main.m */; };
		09ABC08213A1D52D009C3FCF /* ParseStarterProjectAppDelegate.m in Sources */ = {isa = PBXBuildFile; fileRef = 09ABC08113A1D52D009C3FCF /* ParseStarterProjectAppDelegate.m */; };
		09BEF34C13D51C3F001BBCDB /* Security.framework in Frameworks */ = {isa = PBXBuildFile; fileRef = 09BEF34B13D51C3F001BBCDB /* Security.framework */; };
		2FCDD6B014A573F500295AAC /* QuartzCore.framework in Frameworks */ = {isa = PBXBuildFile; fileRef = 2FCDD6AF14A573F500295AAC /* QuartzCore.framework */; };
		4998650515BF305000803E05 /* StoreKit.framework in Frameworks */ = {isa = PBXBuildFile; fileRef = 4998650415BF305000803E05 /* StoreKit.framework */; };
		743D7B6D157DA60100084B67 /* CoreGraphics.framework in Frameworks */ = {isa = PBXBuildFile; fileRef = 743D7B6C157DA60100084B67 /* CoreGraphics.framework */; };
		B2043F2817FD792B00EC884A /* MapKit.framework in Frameworks */ = {isa = PBXBuildFile; fileRef = B2043F2717FD792B00EC884A /* MapKit.framework */; };
		B2043F581803E99200EC884A /* AssetsLibrary.framework in Frameworks */ = {isa = PBXBuildFile; fileRef = B2043F571803E99200EC884A /* AssetsLibrary.framework */; };
		B2043F6018041A8E00EC884A /* SubmitViewController.m in Sources */ = {isa = PBXBuildFile; fileRef = B2043F5F18041A8E00EC884A /* SubmitViewController.m */; };
		B211EC66181A2F7700B53B40 /* CommentTableViewCell.m in Sources */ = {isa = PBXBuildFile; fileRef = B211EC65181A2F7700B53B40 /* CommentTableViewCell.m */; };
		B211EC69181A3AD600B53B40 /* PhotoViewController.m in Sources */ = {isa = PBXBuildFile; fileRef = B211EC68181A3AD600B53B40 /* PhotoViewController.m */; };
		B211EC6B181AB30500B53B40 /* Logo.png in Resources */ = {isa = PBXBuildFile; fileRef = B211EC6A181AB30500B53B40 /* Logo.png */; };
		B23AB4C8180FFB6A007E1BB8 /* LogInViewController.m in Sources */ = {isa = PBXBuildFile; fileRef = B23AB4C7180FFB6A007E1BB8 /* LogInViewController.m */; };
		B23AB4D3180FFC4B007E1BB8 /* Exit.png in Resources */ = {isa = PBXBuildFile; fileRef = B23AB4CA180FFC4B007E1BB8 /* Exit.png */; };
		B23AB4D4180FFC4B007E1BB8 /* ExitDown.png in Resources */ = {isa = PBXBuildFile; fileRef = B23AB4CB180FFC4B007E1BB8 /* ExitDown.png */; };
		B23AB4D5180FFC4B007E1BB8 /* Facebook.png in Resources */ = {isa = PBXBuildFile; fileRef = B23AB4CC180FFC4B007E1BB8 /* Facebook.png */; };
		B23AB4D6180FFC4B007E1BB8 /* FacebookDown.png in Resources */ = {isa = PBXBuildFile; fileRef = B23AB4CD180FFC4B007E1BB8 /* FacebookDown.png */; };
		B23AB4D7180FFC4B007E1BB8 /* LoginFieldBG.png in Resources */ = {isa = PBXBuildFile; fileRef = B23AB4CE180FFC4B007E1BB8 /* LoginFieldBG.png */; };
		B23AB4D9180FFC4B007E1BB8 /* MainBG.png in Resources */ = {isa = PBXBuildFile; fileRef = B23AB4D0180FFC4B007E1BB8 /* MainBG.png */; };
		B23AB4DA180FFC4B007E1BB8 /* Twitter.png in Resources */ = {isa = PBXBuildFile; fileRef = B23AB4D1180FFC4B007E1BB8 /* Twitter.png */; };
		B23AB4DB180FFC4B007E1BB8 /* TwitterDown.png in Resources */ = {isa = PBXBuildFile; fileRef = B23AB4D2180FFC4B007E1BB8 /* TwitterDown.png */; };
		B23AB4DE18100ED3007E1BB8 /* SignUpViewController.m in Sources */ = {isa = PBXBuildFile; fileRef = B23AB4DD18100ED3007E1BB8 /* SignUpViewController.m */; };
		B23AB4E21810136E007E1BB8 /* SignUp.png in Resources */ = {isa = PBXBuildFile; fileRef = B23AB4DF1810136E007E1BB8 /* SignUp.png */; };
		B23AB4E31810136E007E1BB8 /* SignUpDown.png in Resources */ = {isa = PBXBuildFile; fileRef = B23AB4E01810136E007E1BB8 /* SignUpDown.png */; };
		B23AB4E41810136E007E1BB8 /* SignUpFieldBG.png in Resources */ = {isa = PBXBuildFile; fileRef = B23AB4E11810136E007E1BB8 /* SignUpFieldBG.png */; };
		B23AB4E71810F007007E1BB8 /* KeychainItemWrapper.m in Sources */ = {isa = PBXBuildFile; fileRef = B23AB4E61810F007007E1BB8 /* KeychainItemWrapper.m */; };
		B23AB4EB181109D3007E1BB8 /* Reachability.m in Sources */ = {isa = PBXBuildFile; fileRef = B23AB4EA181109D3007E1BB8 /* Reachability.m */; };
		B24237F417FBF0EA0030F468 /* Storyboard.storyboard in Resources */ = {isa = PBXBuildFile; fileRef = B24237F317FBF0EA0030F468 /* Storyboard.storyboard */; };
		B24237F717FBF52F0030F468 /* RootViewController.m in Sources */ = {isa = PBXBuildFile; fileRef = B24237F617FBF52F0030F468 /* RootViewController.m */; };
		B24237F917FBF7E10030F468 /* hero.jpg in Resources */ = {isa = PBXBuildFile; fileRef = B24237F817FBF7E10030F468 /* hero.jpg */; };
		B27A93D21820F6BE001E0A76 /* dummy_img1.png in Resources */ = {isa = PBXBuildFile; fileRef = B27A93CF1820F6BE001E0A76 /* dummy_img1.png */; };
		B27A93D31820F6BE001E0A76 /* dummy_img2.png in Resources */ = {isa = PBXBuildFile; fileRef = B27A93D01820F6BE001E0A76 /* dummy_img2.png */; };
		B27A93D41820F6BE001E0A76 /* dummy_img3.png in Resources */ = {isa = PBXBuildFile; fileRef = B27A93D11820F6BE001E0A76 /* dummy_img3.png */; };
		B27A93D61820F71A001E0A76 /* Default-568h@2x.png in Resources */ = {isa = PBXBuildFile; fileRef = B27A93D51820F71A001E0A76 /* Default-568h@2x.png */; };
		B27A93D91820F726001E0A76 /* Default.png in Resources */ = {isa = PBXBuildFile; fileRef = B27A93D71820F726001E0A76 /* Default.png */; };
		B27A93DA1820F726001E0A76 /* Default@2x.png in Resources */ = {isa = PBXBuildFile; fileRef = B27A93D81820F726001E0A76 /* Default@2x.png */; };
		B27A93E21820F741001E0A76 /* Icon~iphone.png in Resources */ = {isa = PBXBuildFile; fileRef = B27A93DC1820F741001E0A76 /* Icon~iphone.png */; };
		B27A93E31820F741001E0A76 /* Icon-72@2x.png in Resources */ = {isa = PBXBuildFile; fileRef = B27A93DD1820F741001E0A76 /* Icon-72@2x.png */; };
		B27A93E41820F741001E0A76 /* Icon-76.png in Resources */ = {isa = PBXBuildFile; fileRef = B27A93DE1820F741001E0A76 /* Icon-76.png */; };
		B27A93E51820F741001E0A76 /* Icon-76@2x.png in Resources */ = {isa = PBXBuildFile; fileRef = B27A93DF1820F741001E0A76 /* Icon-76@2x.png */; };
		B27A93E61820F741001E0A76 /* Icon.png in Resources */ = {isa = PBXBuildFile; fileRef = B27A93E01820F741001E0A76 /* Icon.png */; };
		B27A93E71820F741001E0A76 /* Icon@2x.png in Resources */ = {isa = PBXBuildFile; fileRef = B27A93E11820F741001E0A76 /* Icon@2x.png */; };
		B27A93E91820F806001E0A76 /* Icon-Small.png in Resources */ = {isa = PBXBuildFile; fileRef = B27A93E81820F806001E0A76 /* Icon-Small.png */; };
		B27A93EB1820F826001E0A76 /* Icon@2x~iphone.png in Resources */ = {isa = PBXBuildFile; fileRef = B27A93EA1820F826001E0A76 /* Icon@2x~iphone.png */; };
		B27A93F31820F969001E0A76 /* 80.png in Resources */ = {isa = PBXBuildFile; fileRef = B27A93F21820F969001E0A76 /* 80.png */; };
		B27A93F51820FB2F001E0A76 /* Images.xcassets in Resources */ = {isa = PBXBuildFile; fileRef = B27A93F41820FB2F001E0A76 /* Images.xcassets */; };
		B28A7ECF18064E1E00E8FDE7 /* Annotation.m in Sources */ = {isa = PBXBuildFile; fileRef = B28A7ECE18064E1E00E8FDE7 /* Annotation.m */; };
		B28A7ED5180696E000E8FDE7 /* DetailViewController.m in Sources */ = {isa = PBXBuildFile; fileRef = B28A7ED4180696E000E8FDE7 /* DetailViewController.m */; };
		B29689DF1828B13500218302 /* Localizable.strings in Resources */ = {isa = PBXBuildFile; fileRef = B29689E11828B13500218302 /* Localizable.strings */; };
		B2EC451D182CD16300802584 /* Identicon.m in Sources */ = {isa = PBXBuildFile; fileRef = B2EC451C182CD16300802584 /* Identicon.m */; };
		C4C51B571613CE0800959FDC /* Default.png in Resources */ = {isa = PBXBuildFile; fileRef = C4C51B541613CE0800959FDC /* Default.png */; };
		C4C51B581613CE0800959FDC /* Default-568h@2x.png in Resources */ = {isa = PBXBuildFile; fileRef = C4C51B551613CE0800959FDC /* Default-568h@2x.png */; };
		C4C51B591613CE0800959FDC /* Default@2x.png in Resources */ = {isa = PBXBuildFile; fileRef = C4C51B561613CE0800959FDC /* Default@2x.png */; };
		DD952FCB16E7F5CF00470144 /* CoreLocation.framework in Frameworks */ = {isa = PBXBuildFile; fileRef = 97E18B1E1624CB5700B17A67 /* CoreLocation.framework */; };
/* End PBXBuildFile section */

/* Begin PBXFileReference section */
		09144A7213C2997E00388B00 /* Entitlements.plist */ = {isa = PBXFileReference; fileEncoding = 4; lastKnownFileType = text.plist.xml; path = Entitlements.plist; sourceTree = "<group>"; };
		092354B213A1D7EB00DA740F /* CFNetwork.framework */ = {isa = PBXFileReference; lastKnownFileType = wrapper.framework; name = CFNetwork.framework; path = System/Library/Frameworks/CFNetwork.framework; sourceTree = SDKROOT; };
		092354B413A1D7F000DA740F /* SystemConfiguration.framework */ = {isa = PBXFileReference; lastKnownFileType = wrapper.framework; name = SystemConfiguration.framework; path = System/Library/Frameworks/SystemConfiguration.framework; sourceTree = SDKROOT; };
		092354B613A1D83C00DA740F /* MobileCoreServices.framework */ = {isa = PBXFileReference; lastKnownFileType = wrapper.framework; name = MobileCoreServices.framework; path = System/Library/Frameworks/MobileCoreServices.framework; sourceTree = SDKROOT; };
		094AC9FF14367ACD008398F8 /* Parse.framework */ = {isa = PBXFileReference; lastKnownFileType = wrapper.framework; path = Parse.framework; sourceTree = "<group>"; };
		095ACE8513C68EA300566243 /* AudioToolbox.framework */ = {isa = PBXFileReference; lastKnownFileType = wrapper.framework; name = AudioToolbox.framework; path = System/Library/Frameworks/AudioToolbox.framework; sourceTree = SDKROOT; };
		099CCEAC13F9E3760039A464 /* libz.1.1.3.dylib */ = {isa = PBXFileReference; lastKnownFileType = "compiled.mach-o.dylib"; name = libz.1.1.3.dylib; path = usr/lib/libz.1.1.3.dylib; sourceTree = SDKROOT; };
		09ABC06D13A1D52D009C3FCF /* Clean Japan.app */ = {isa = PBXFileReference; explicitFileType = wrapper.application; includeInIndex = 0; path = "Clean Japan.app"; sourceTree = BUILT_PRODUCTS_DIR; };
		09ABC07113A1D52D009C3FCF /* UIKit.framework */ = {isa = PBXFileReference; lastKnownFileType = wrapper.framework; name = UIKit.framework; path = System/Library/Frameworks/UIKit.framework; sourceTree = SDKROOT; };
		09ABC07313A1D52D009C3FCF /* Foundation.framework */ = {isa = PBXFileReference; lastKnownFileType = wrapper.framework; name = Foundation.framework; path = System/Library/Frameworks/Foundation.framework; sourceTree = SDKROOT; };
		09ABC07913A1D52D009C3FCF /* Clean Japan-Info.plist */ = {isa = PBXFileReference; lastKnownFileType = text.plist.xml; path = "Clean Japan-Info.plist"; sourceTree = "<group>"; };
		09ABC07B13A1D52D009C3FCF /* en */ = {isa = PBXFileReference; lastKnownFileType = text.plist.strings; name = en; path = en.lproj/InfoPlist.strings; sourceTree = "<group>"; };
		09ABC07D13A1D52D009C3FCF /* Clean Japan-Prefix.pch */ = {isa = PBXFileReference; lastKnownFileType = sourcecode.c.h; path = "Clean Japan-Prefix.pch"; sourceTree = "<group>"; };
		09ABC07E13A1D52D009C3FCF /* main.m */ = {isa = PBXFileReference; lastKnownFileType = sourcecode.c.objc; path = main.m; sourceTree = "<group>"; };
		09ABC08013A1D52D009C3FCF /* ParseStarterProjectAppDelegate.h */ = {isa = PBXFileReference; lastKnownFileType = sourcecode.c.h; path = ParseStarterProjectAppDelegate.h; sourceTree = "<group>"; };
		09ABC08113A1D52D009C3FCF /* ParseStarterProjectAppDelegate.m */ = {isa = PBXFileReference; lastKnownFileType = sourcecode.c.objc; path = ParseStarterProjectAppDelegate.m; sourceTree = "<group>"; };
		09BEF34B13D51C3F001BBCDB /* Security.framework */ = {isa = PBXFileReference; lastKnownFileType = wrapper.framework; name = Security.framework; path = System/Library/Frameworks/Security.framework; sourceTree = SDKROOT; };
		2FCDD6AF14A573F500295AAC /* QuartzCore.framework */ = {isa = PBXFileReference; lastKnownFileType = wrapper.framework; name = QuartzCore.framework; path = System/Library/Frameworks/QuartzCore.framework; sourceTree = SDKROOT; };
		4998650415BF305000803E05 /* StoreKit.framework */ = {isa = PBXFileReference; lastKnownFileType = wrapper.framework; name = StoreKit.framework; path = System/Library/Frameworks/StoreKit.framework; sourceTree = SDKROOT; };
		6332375315E438E900AE2736 /* libsqlite3.dylib */ = {isa = PBXFileReference; lastKnownFileType = "compiled.mach-o.dylib"; name = libsqlite3.dylib; path = usr/lib/libsqlite3.dylib; sourceTree = SDKROOT; };
		6372FF521613CC3C002132AF /* Accounts.framework */ = {isa = PBXFileReference; lastKnownFileType = wrapper.framework; name = Accounts.framework; path = System/Library/Frameworks/Accounts.framework; sourceTree = SDKROOT; };
		6372FF551613CC42002132AF /* Social.framework */ = {isa = PBXFileReference; lastKnownFileType = wrapper.framework; name = Social.framework; path = System/Library/Frameworks/Social.framework; sourceTree = SDKROOT; };
		6372FF571613CC47002132AF /* AdSupport.framework */ = {isa = PBXFileReference; lastKnownFileType = wrapper.framework; name = AdSupport.framework; path = System/Library/Frameworks/AdSupport.framework; sourceTree = SDKROOT; };
		743D7B6C157DA60100084B67 /* CoreGraphics.framework */ = {isa = PBXFileReference; lastKnownFileType = wrapper.framework; name = CoreGraphics.framework; path = System/Library/Frameworks/CoreGraphics.framework; sourceTree = SDKROOT; };
		97E18B1E1624CB5700B17A67 /* CoreLocation.framework */ = {isa = PBXFileReference; lastKnownFileType = wrapper.framework; name = CoreLocation.framework; path = System/Library/Frameworks/CoreLocation.framework; sourceTree = SDKROOT; };
		B2043F2717FD792B00EC884A /* MapKit.framework */ = {isa = PBXFileReference; lastKnownFileType = wrapper.framework; name = MapKit.framework; path = System/Library/Frameworks/MapKit.framework; sourceTree = SDKROOT; };
		B2043F571803E99200EC884A /* AssetsLibrary.framework */ = {isa = PBXFileReference; lastKnownFileType = wrapper.framework; name = AssetsLibrary.framework; path = System/Library/Frameworks/AssetsLibrary.framework; sourceTree = SDKROOT; };
		B2043F5E18041A8E00EC884A /* SubmitViewController.h */ = {isa = PBXFileReference; fileEncoding = 4; lastKnownFileType = sourcecode.c.h; path = SubmitViewController.h; sourceTree = "<group>"; };
		B2043F5F18041A8E00EC884A /* SubmitViewController.m */ = {isa = PBXFileReference; fileEncoding = 4; lastKnownFileType = sourcecode.c.objc; path = SubmitViewController.m; sourceTree = "<group>"; };
		B211EC64181A2F7700B53B40 /* CommentTableViewCell.h */ = {isa = PBXFileReference; fileEncoding = 4; lastKnownFileType = sourcecode.c.h; path = CommentTableViewCell.h; sourceTree = "<group>"; };
		B211EC65181A2F7700B53B40 /* CommentTableViewCell.m */ = {isa = PBXFileReference; fileEncoding = 4; lastKnownFileType = sourcecode.c.objc; path = CommentTableViewCell.m; sourceTree = "<group>"; };
		B211EC67181A3AD600B53B40 /* PhotoViewController.h */ = {isa = PBXFileReference; fileEncoding = 4; lastKnownFileType = sourcecode.c.h; path = PhotoViewController.h; sourceTree = "<group>"; };
		B211EC68181A3AD600B53B40 /* PhotoViewController.m */ = {isa = PBXFileReference; fileEncoding = 4; lastKnownFileType = sourcecode.c.objc; path = PhotoViewController.m; sourceTree = "<group>"; };
		B211EC6A181AB30500B53B40 /* Logo.png */ = {isa = PBXFileReference; lastKnownFileType = image.png; path = Logo.png; sourceTree = "<group>"; };
		B23AB4C6180FFB6A007E1BB8 /* LogInViewController.h */ = {isa = PBXFileReference; fileEncoding = 4; lastKnownFileType = sourcecode.c.h; path = LogInViewController.h; sourceTree = "<group>"; };
		B23AB4C7180FFB6A007E1BB8 /* LogInViewController.m */ = {isa = PBXFileReference; fileEncoding = 4; lastKnownFileType = sourcecode.c.objc; path = LogInViewController.m; sourceTree = "<group>"; };
		B23AB4CA180FFC4B007E1BB8 /* Exit.png */ = {isa = PBXFileReference; lastKnownFileType = image.png; path = Exit.png; sourceTree = "<group>"; };
		B23AB4CB180FFC4B007E1BB8 /* ExitDown.png */ = {isa = PBXFileReference; lastKnownFileType = image.png; path = ExitDown.png; sourceTree = "<group>"; };
		B23AB4CC180FFC4B007E1BB8 /* Facebook.png */ = {isa = PBXFileReference; lastKnownFileType = image.png; path = Facebook.png; sourceTree = "<group>"; };
		B23AB4CD180FFC4B007E1BB8 /* FacebookDown.png */ = {isa = PBXFileReference; lastKnownFileType = image.png; path = FacebookDown.png; sourceTree = "<group>"; };
		B23AB4CE180FFC4B007E1BB8 /* LoginFieldBG.png */ = {isa = PBXFileReference; lastKnownFileType = image.png; path = LoginFieldBG.png; sourceTree = "<group>"; };
		B23AB4D0180FFC4B007E1BB8 /* MainBG.png */ = {isa = PBXFileReference; lastKnownFileType = image.png; path = MainBG.png; sourceTree = "<group>"; };
		B23AB4D1180FFC4B007E1BB8 /* Twitter.png */ = {isa = PBXFileReference; lastKnownFileType = image.png; path = Twitter.png; sourceTree = "<group>"; };
		B23AB4D2180FFC4B007E1BB8 /* TwitterDown.png */ = {isa = PBXFileReference; lastKnownFileType = image.png; path = TwitterDown.png; sourceTree = "<group>"; };
		B23AB4DC18100ED3007E1BB8 /* SignUpViewController.h */ = {isa = PBXFileReference; fileEncoding = 4; lastKnownFileType = sourcecode.c.h; path = SignUpViewController.h; sourceTree = "<group>"; };
		B23AB4DD18100ED3007E1BB8 /* SignUpViewController.m */ = {isa = PBXFileReference; fileEncoding = 4; lastKnownFileType = sourcecode.c.objc; path = SignUpViewController.m; sourceTree = "<group>"; };
		B23AB4DF1810136E007E1BB8 /* SignUp.png */ = {isa = PBXFileReference; lastKnownFileType = image.png; path = SignUp.png; sourceTree = "<group>"; };
		B23AB4E01810136E007E1BB8 /* SignUpDown.png */ = {isa = PBXFileReference; lastKnownFileType = image.png; path = SignUpDown.png; sourceTree = "<group>"; };
		B23AB4E11810136E007E1BB8 /* SignUpFieldBG.png */ = {isa = PBXFileReference; lastKnownFileType = image.png; path = SignUpFieldBG.png; sourceTree = "<group>"; };
		B23AB4E51810F007007E1BB8 /* KeychainItemWrapper.h */ = {isa = PBXFileReference; fileEncoding = 4; lastKnownFileType = sourcecode.c.h; path = KeychainItemWrapper.h; sourceTree = "<group>"; };
		B23AB4E61810F007007E1BB8 /* KeychainItemWrapper.m */ = {isa = PBXFileReference; fileEncoding = 4; lastKnownFileType = sourcecode.c.objc; path = KeychainItemWrapper.m; sourceTree = "<group>"; };
		B23AB4E9181109D3007E1BB8 /* Reachability.h */ = {isa = PBXFileReference; fileEncoding = 4; lastKnownFileType = sourcecode.c.h; path = Reachability.h; sourceTree = "<group>"; };
		B23AB4EA181109D3007E1BB8 /* Reachability.m */ = {isa = PBXFileReference; fileEncoding = 4; lastKnownFileType = sourcecode.c.objc; path = Reachability.m; sourceTree = "<group>"; };
		B24237F317FBF0EA0030F468 /* Storyboard.storyboard */ = {isa = PBXFileReference; fileEncoding = 4; lastKnownFileType = file.storyboard; path = Storyboard.storyboard; sourceTree = "<group>"; };
		B24237F517FBF52F0030F468 /* RootViewController.h */ = {isa = PBXFileReference; fileEncoding = 4; lastKnownFileType = sourcecode.c.h; path = RootViewController.h; sourceTree = "<group>"; };
		B24237F617FBF52F0030F468 /* RootViewController.m */ = {isa = PBXFileReference; fileEncoding = 4; lastKnownFileType = sourcecode.c.objc; path = RootViewController.m; sourceTree = "<group>"; };
		B24237F817FBF7E10030F468 /* hero.jpg */ = {isa = PBXFileReference; lastKnownFileType = image.jpeg; path = hero.jpg; sourceTree = "<group>"; };
		B27A93CF1820F6BE001E0A76 /* dummy_img1.png */ = {isa = PBXFileReference; lastKnownFileType = image.png; path = dummy_img1.png; sourceTree = "<group>"; };
		B27A93D01820F6BE001E0A76 /* dummy_img2.png */ = {isa = PBXFileReference; lastKnownFileType = image.png; path = dummy_img2.png; sourceTree = "<group>"; };
		B27A93D11820F6BE001E0A76 /* dummy_img3.png */ = {isa = PBXFileReference; lastKnownFileType = image.png; path = dummy_img3.png; sourceTree = "<group>"; };
		B27A93D51820F71A001E0A76 /* Default-568h@2x.png */ = {isa = PBXFileReference; lastKnownFileType = image.png; path = "Default-568h@2x.png"; sourceTree = "<group>"; };
		B27A93D71820F726001E0A76 /* Default.png */ = {isa = PBXFileReference; lastKnownFileType = image.png; path = Default.png; sourceTree = "<group>"; };
		B27A93D81820F726001E0A76 /* Default@2x.png */ = {isa = PBXFileReference; lastKnownFileType = image.png; path = "Default@2x.png"; sourceTree = "<group>"; };
		B27A93DC1820F741001E0A76 /* Icon~iphone.png */ = {isa = PBXFileReference; lastKnownFileType = image.png; path = "Icon~iphone.png"; sourceTree = "<group>"; };
		B27A93DD1820F741001E0A76 /* Icon-72@2x.png */ = {isa = PBXFileReference; lastKnownFileType = image.png; path = "Icon-72@2x.png"; sourceTree = "<group>"; };
		B27A93DE1820F741001E0A76 /* Icon-76.png */ = {isa = PBXFileReference; lastKnownFileType = image.png; path = "Icon-76.png"; sourceTree = "<group>"; };
		B27A93DF1820F741001E0A76 /* Icon-76@2x.png */ = {isa = PBXFileReference; lastKnownFileType = image.png; path = "Icon-76@2x.png"; sourceTree = "<group>"; };
		B27A93E01820F741001E0A76 /* Icon.png */ = {isa = PBXFileReference; lastKnownFileType = image.png; path = Icon.png; sourceTree = "<group>"; };
		B27A93E11820F741001E0A76 /* Icon@2x.png */ = {isa = PBXFileReference; lastKnownFileType = image.png; path = "Icon@2x.png"; sourceTree = "<group>"; };
		B27A93E81820F806001E0A76 /* Icon-Small.png */ = {isa = PBXFileReference; lastKnownFileType = image.png; path = "Icon-Small.png"; sourceTree = "<group>"; };
		B27A93EA1820F826001E0A76 /* Icon@2x~iphone.png */ = {isa = PBXFileReference; lastKnownFileType = image.png; path = "Icon@2x~iphone.png"; sourceTree = "<group>"; };
		B27A93F21820F969001E0A76 /* 80.png */ = {isa = PBXFileReference; lastKnownFileType = image.png; path = 80.png; sourceTree = "<group>"; };
		B27A93F41820FB2F001E0A76 /* Images.xcassets */ = {isa = PBXFileReference; lastKnownFileType = folder.assetcatalog; name = Images.xcassets; path = "Clean Japan/Images.xcassets"; sourceTree = "<group>"; };
		B28A7ECD18064E1E00E8FDE7 /* Annotation.h */ = {isa = PBXFileReference; fileEncoding = 4; lastKnownFileType = sourcecode.c.h; path = Annotation.h; sourceTree = "<group>"; };
		B28A7ECE18064E1E00E8FDE7 /* Annotation.m */ = {isa = PBXFileReference; fileEncoding = 4; lastKnownFileType = sourcecode.c.objc; path = Annotation.m; sourceTree = "<group>"; };
		B28A7ED3180696E000E8FDE7 /* DetailViewController.h */ = {isa = PBXFileReference; fileEncoding = 4; lastKnownFileType = sourcecode.c.h; path = DetailViewController.h; sourceTree = "<group>"; };
		B28A7ED4180696E000E8FDE7 /* DetailViewController.m */ = {isa = PBXFileReference; fileEncoding = 4; lastKnownFileType = sourcecode.c.objc; path = DetailViewController.m; sourceTree = "<group>"; };
		B29689DC1828AF8600218302 /* ja */ = {isa = PBXFileReference; lastKnownFileType = text.plist.strings; name = ja; path = ja.lproj/InfoPlist.strings; sourceTree = "<group>"; };
		B29689E01828B13500218302 /* en */ = {isa = PBXFileReference; lastKnownFileType = text.plist.strings; name = en; path = en.lproj/Localizable.strings; sourceTree = "<group>"; };
		B29689E21828B13900218302 /* ja */ = {isa = PBXFileReference; lastKnownFileType = text.plist.strings; name = ja; path = ja.lproj/Localizable.strings; sourceTree = "<group>"; };
		B2EC451B182CD16300802584 /* Identicon.h */ = {isa = PBXFileReference; fileEncoding = 4; lastKnownFileType = sourcecode.c.h; path = Identicon.h; sourceTree = "<group>"; };
		B2EC451C182CD16300802584 /* Identicon.m */ = {isa = PBXFileReference; fileEncoding = 4; lastKnownFileType = sourcecode.c.objc; path = Identicon.m; sourceTree = "<group>"; };
		C4C51B541613CE0800959FDC /* Default.png */ = {isa = PBXFileReference; lastKnownFileType = image.png; path = Default.png; sourceTree = "<group>"; };
		C4C51B551613CE0800959FDC /* Default-568h@2x.png */ = {isa = PBXFileReference; lastKnownFileType = image.png; path = "Default-568h@2x.png"; sourceTree = "<group>"; };
		C4C51B561613CE0800959FDC /* Default@2x.png */ = {isa = PBXFileReference; lastKnownFileType = image.png; path = "Default@2x.png"; sourceTree = "<group>"; };
/* End PBXFileReference section */

/* Begin PBXFrameworksBuildPhase section */
		09ABC06A13A1D52D009C3FCF /* Frameworks */ = {
			isa = PBXFrameworksBuildPhase;
			buildActionMask = 2147483647;
			files = (
				B2043F581803E99200EC884A /* AssetsLibrary.framework in Frameworks */,
				B2043F2817FD792B00EC884A /* MapKit.framework in Frameworks */,
				DD952FCB16E7F5CF00470144 /* CoreLocation.framework in Frameworks */,
				4998650515BF305000803E05 /* StoreKit.framework in Frameworks */,
				743D7B6D157DA60100084B67 /* CoreGraphics.framework in Frameworks */,
				2FCDD6B014A573F500295AAC /* QuartzCore.framework in Frameworks */,
				099CCEAD13F9E3760039A464 /* libz.1.1.3.dylib in Frameworks */,
				09BEF34C13D51C3F001BBCDB /* Security.framework in Frameworks */,
				095ACE8613C68EA300566243 /* AudioToolbox.framework in Frameworks */,
				092354B713A1D83C00DA740F /* MobileCoreServices.framework in Frameworks */,
				092354B513A1D7F000DA740F /* SystemConfiguration.framework in Frameworks */,
				092354B313A1D7EB00DA740F /* CFNetwork.framework in Frameworks */,
				09ABC07213A1D52D009C3FCF /* UIKit.framework in Frameworks */,
				09ABC07413A1D52D009C3FCF /* Foundation.framework in Frameworks */,
				094ACA0014367ACD008398F8 /* Parse.framework in Frameworks */,
			);
			runOnlyForDeploymentPostprocessing = 0;
		};
/* End PBXFrameworksBuildPhase section */

/* Begin PBXGroup section */
		09ABC06213A1D52D009C3FCF = {
			isa = PBXGroup;
			children = (
				B27A93F41820FB2F001E0A76 /* Images.xcassets */,
				09ABC07713A1D52D009C3FCF /* ParseStarterProject */,
				09ABC07013A1D52D009C3FCF /* Frameworks */,
				09ABC06E13A1D52D009C3FCF /* Products */,
			);
			sourceTree = "<group>";
		};
		09ABC06E13A1D52D009C3FCF /* Products */ = {
			isa = PBXGroup;
			children = (
				09ABC06D13A1D52D009C3FCF /* Clean Japan.app */,
			);
			name = Products;
			sourceTree = "<group>";
		};
		09ABC07013A1D52D009C3FCF /* Frameworks */ = {
			isa = PBXGroup;
			children = (
				B2043F571803E99200EC884A /* AssetsLibrary.framework */,
				B2043F2717FD792B00EC884A /* MapKit.framework */,
				6372FF571613CC47002132AF /* AdSupport.framework */,
				6372FF551613CC42002132AF /* Social.framework */,
				6372FF521613CC3C002132AF /* Accounts.framework */,
				095ACE8513C68EA300566243 /* AudioToolbox.framework */,
				092354B213A1D7EB00DA740F /* CFNetwork.framework */,
				743D7B6C157DA60100084B67 /* CoreGraphics.framework */,
				97E18B1E1624CB5700B17A67 /* CoreLocation.framework */,
				09ABC07313A1D52D009C3FCF /* Foundation.framework */,
				6332375315E438E900AE2736 /* libsqlite3.dylib */,
				099CCEAC13F9E3760039A464 /* libz.1.1.3.dylib */,
				092354B613A1D83C00DA740F /* MobileCoreServices.framework */,
				094AC9FF14367ACD008398F8 /* Parse.framework */,
				2FCDD6AF14A573F500295AAC /* QuartzCore.framework */,
				09BEF34B13D51C3F001BBCDB /* Security.framework */,
				4998650415BF305000803E05 /* StoreKit.framework */,
				092354B413A1D7F000DA740F /* SystemConfiguration.framework */,
				09ABC07113A1D52D009C3FCF /* UIKit.framework */,
			);
			name = Frameworks;
			sourceTree = "<group>";
		};
		09ABC07713A1D52D009C3FCF /* ParseStarterProject */ = {
			isa = PBXGroup;
			children = (
				B2EC451B182CD16300802584 /* Identicon.h */,
				B2EC451C182CD16300802584 /* Identicon.m */,
				B23AB4E9181109D3007E1BB8 /* Reachability.h */,
				B23AB4EA181109D3007E1BB8 /* Reachability.m */,
				B23AB4E51810F007007E1BB8 /* KeychainItemWrapper.h */,
				B23AB4E61810F007007E1BB8 /* KeychainItemWrapper.m */,
				09ABC08013A1D52D009C3FCF /* ParseStarterProjectAppDelegate.h */,
				09ABC08113A1D52D009C3FCF /* ParseStarterProjectAppDelegate.m */,
				09ABC07813A1D52D009C3FCF /* Supporting Files */,
				B24237F317FBF0EA0030F468 /* Storyboard.storyboard */,
				B24237F517FBF52F0030F468 /* RootViewController.h */,
				B24237F617FBF52F0030F468 /* RootViewController.m */,
				B2043F5E18041A8E00EC884A /* SubmitViewController.h */,
				B2043F5F18041A8E00EC884A /* SubmitViewController.m */,
				B28A7ECD18064E1E00E8FDE7 /* Annotation.h */,
				B28A7ECE18064E1E00E8FDE7 /* Annotation.m */,
				B28A7ED3180696E000E8FDE7 /* DetailViewController.h */,
				B28A7ED4180696E000E8FDE7 /* DetailViewController.m */,
				B23AB4C6180FFB6A007E1BB8 /* LogInViewController.h */,
				B23AB4C7180FFB6A007E1BB8 /* LogInViewController.m */,
				B23AB4DC18100ED3007E1BB8 /* SignUpViewController.h */,
				B23AB4DD18100ED3007E1BB8 /* SignUpViewController.m */,
				B211EC64181A2F7700B53B40 /* CommentTableViewCell.h */,
				B211EC65181A2F7700B53B40 /* CommentTableViewCell.m */,
				B211EC67181A3AD600B53B40 /* PhotoViewController.h */,
				B211EC68181A3AD600B53B40 /* PhotoViewController.m */,
			);
			path = ParseStarterProject;
			sourceTree = "<group>";
		};
		09ABC07813A1D52D009C3FCF /* Supporting Files */ = {
			isa = PBXGroup;
			children = (
				B27A93DB1820F730001E0A76 /* App Icon */,
				B27A93CE1820F699001E0A76 /* User Icon */,
				B27A93CD1820F67D001E0A76 /* Launch Images */,
				B211EC6A181AB30500B53B40 /* Logo.png */,
				B23AB4DF1810136E007E1BB8 /* SignUp.png */,
				B23AB4E01810136E007E1BB8 /* SignUpDown.png */,
				B23AB4E11810136E007E1BB8 /* SignUpFieldBG.png */,
				B24237F817FBF7E10030F468 /* hero.jpg */,
				B23AB4CA180FFC4B007E1BB8 /* Exit.png */,
				B23AB4CB180FFC4B007E1BB8 /* ExitDown.png */,
				B23AB4CC180FFC4B007E1BB8 /* Facebook.png */,
				B23AB4CD180FFC4B007E1BB8 /* FacebookDown.png */,
				B23AB4CE180FFC4B007E1BB8 /* LoginFieldBG.png */,
				B23AB4D0180FFC4B007E1BB8 /* MainBG.png */,
				B23AB4D1180FFC4B007E1BB8 /* Twitter.png */,
				B23AB4D2180FFC4B007E1BB8 /* TwitterDown.png */,
				C4C51B541613CE0800959FDC /* Default.png */,
				C4C51B561613CE0800959FDC /* Default@2x.png */,
				C4C51B551613CE0800959FDC /* Default-568h@2x.png */,
				09ABC07913A1D52D009C3FCF /* Clean Japan-Info.plist */,
				09144A7213C2997E00388B00 /* Entitlements.plist */,
				09ABC07A13A1D52D009C3FCF /* InfoPlist.strings */,
				09ABC07D13A1D52D009C3FCF /* Clean Japan-Prefix.pch */,
				09ABC07E13A1D52D009C3FCF /* main.m */,
				B29689E11828B13500218302 /* Localizable.strings */,
			);
			name = "Supporting Files";
			sourceTree = "<group>";
		};
		B27A93CD1820F67D001E0A76 /* Launch Images */ = {
			isa = PBXGroup;
			children = (
				B27A93D71820F726001E0A76 /* Default.png */,
				B27A93D81820F726001E0A76 /* Default@2x.png */,
				B27A93D51820F71A001E0A76 /* Default-568h@2x.png */,
			);
			name = "Launch Images";
			sourceTree = "<group>";
		};
		B27A93CE1820F699001E0A76 /* User Icon */ = {
			isa = PBXGroup;
			children = (
				B27A93CF1820F6BE001E0A76 /* dummy_img1.png */,
				B27A93D01820F6BE001E0A76 /* dummy_img2.png */,
				B27A93D11820F6BE001E0A76 /* dummy_img3.png */,
			);
			name = "User Icon";
			sourceTree = "<group>";
		};
		B27A93DB1820F730001E0A76 /* App Icon */ = {
			isa = PBXGroup;
			children = (
				B27A93F21820F969001E0A76 /* 80.png */,
				B27A93EA1820F826001E0A76 /* Icon@2x~iphone.png */,
				B27A93E81820F806001E0A76 /* Icon-Small.png */,
				B27A93DC1820F741001E0A76 /* Icon~iphone.png */,
				B27A93DD1820F741001E0A76 /* Icon-72@2x.png */,
				B27A93DE1820F741001E0A76 /* Icon-76.png */,
				B27A93DF1820F741001E0A76 /* Icon-76@2x.png */,
				B27A93E01820F741001E0A76 /* Icon.png */,
				B27A93E11820F741001E0A76 /* Icon@2x.png */,
			);
			name = "App Icon";
			sourceTree = "<group>";
		};
/* End PBXGroup section */

/* Begin PBXNativeTarget section */
		09ABC06C13A1D52D009C3FCF /* Clean Japan */ = {
			isa = PBXNativeTarget;
			buildConfigurationList = 09ABC08E13A1D52E009C3FCF /* Build configuration list for PBXNativeTarget "Clean Japan" */;
			buildPhases = (
				09ABC06913A1D52D009C3FCF /* Sources */,
				09ABC06A13A1D52D009C3FCF /* Frameworks */,
				09ABC06B13A1D52D009C3FCF /* Resources */,
			);
			buildRules = (
			);
			dependencies = (
			);
			name = "Clean Japan";
			productName = ParseStarterProject;
			productReference = 09ABC06D13A1D52D009C3FCF /* Clean Japan.app */;
			productType = "com.apple.product-type.application";
		};
/* End PBXNativeTarget section */

/* Begin PBXProject section */
		09ABC06413A1D52D009C3FCF /* Project object */ = {
			isa = PBXProject;
			attributes = {
				LastUpgradeCheck = 0430;
				TargetAttributes = {
					09ABC06C13A1D52D009C3FCF = {
						DevelopmentTeam = M6TJK4GHCY;
					};
				};
			};
			buildConfigurationList = 09ABC06713A1D52D009C3FCF /* Build configuration list for PBXProject "Clean Japan" */;
			compatibilityVersion = "Xcode 3.2";
			developmentRegion = English;
			hasScannedForEncodings = 0;
			knownRegions = (
				en,
				ja,
			);
			mainGroup = 09ABC06213A1D52D009C3FCF;
			productRefGroup = 09ABC06E13A1D52D009C3FCF /* Products */;
			projectDirPath = "";
			projectRoot = "";
			targets = (
				09ABC06C13A1D52D009C3FCF /* Clean Japan */,
			);
		};
/* End PBXProject section */

/* Begin PBXResourcesBuildPhase section */
		09ABC06B13A1D52D009C3FCF /* Resources */ = {
			isa = PBXResourcesBuildPhase;
			buildActionMask = 2147483647;
			files = (
				B23AB4D4180FFC4B007E1BB8 /* ExitDown.png in Resources */,
				B27A93D31820F6BE001E0A76 /* dummy_img2.png in Resources */,
				B27A93E31820F741001E0A76 /* Icon-72@2x.png in Resources */,
				B23AB4D5180FFC4B007E1BB8 /* Facebook.png in Resources */,
				B27A93E91820F806001E0A76 /* Icon-Small.png in Resources */,
				09ABC07C13A1D52D009C3FCF /* InfoPlist.strings in Resources */,
				B23AB4DA180FFC4B007E1BB8 /* Twitter.png in Resources */,
				B27A93E71820F741001E0A76 /* Icon@2x.png in Resources */,
				B23AB4D6180FFC4B007E1BB8 /* FacebookDown.png in Resources */,
				B27A93D41820F6BE001E0A76 /* dummy_img3.png in Resources */,
				09144A7313C2997E00388B00 /* Entitlements.plist in Resources */,
				B24237F917FBF7E10030F468 /* hero.jpg in Resources */,
				B27A93E51820F741001E0A76 /* Icon-76@2x.png in Resources */,
				B29689DF1828B13500218302 /* Localizable.strings in Resources */,
				C4C51B571613CE0800959FDC /* Default.png in Resources */,
				B27A93E61820F741001E0A76 /* Icon.png in Resources */,
				B24237F417FBF0EA0030F468 /* Storyboard.storyboard in Resources */,
				B27A93F51820FB2F001E0A76 /* Images.xcassets in Resources */,
				B23AB4D3180FFC4B007E1BB8 /* Exit.png in Resources */,
				B27A93DA1820F726001E0A76 /* Default@2x.png in Resources */,
				B211EC6B181AB30500B53B40 /* Logo.png in Resources */,
				B27A93EB1820F826001E0A76 /* Icon@2x~iphone.png in Resources */,
				B23AB4D7180FFC4B007E1BB8 /* LoginFieldBG.png in Resources */,
				B27A93E21820F741001E0A76 /* Icon~iphone.png in Resources */,
				B27A93E41820F741001E0A76 /* Icon-76.png in Resources */,
				B23AB4D9180FFC4B007E1BB8 /* MainBG.png in Resources */,
				B23AB4DB180FFC4B007E1BB8 /* TwitterDown.png in Resources */,
				B23AB4E21810136E007E1BB8 /* SignUp.png in Resources */,
				B27A93D61820F71A001E0A76 /* Default-568h@2x.png in Resources */,
				C4C51B581613CE0800959FDC /* Default-568h@2x.png in Resources */,
				B27A93D91820F726001E0A76 /* Default.png in Resources */,
				B27A93F31820F969001E0A76 /* 80.png in Resources */,
				C4C51B591613CE0800959FDC /* Default@2x.png in Resources */,
				B23AB4E31810136E007E1BB8 /* SignUpDown.png in Resources */,
				B27A93D21820F6BE001E0A76 /* dummy_img1.png in Resources */,
				B23AB4E41810136E007E1BB8 /* SignUpFieldBG.png in Resources */,
			);
			runOnlyForDeploymentPostprocessing = 0;
		};
/* End PBXResourcesBuildPhase section */

/* Begin PBXSourcesBuildPhase section */
		09ABC06913A1D52D009C3FCF /* Sources */ = {
			isa = PBXSourcesBuildPhase;
			buildActionMask = 2147483647;
			files = (
				B23AB4C8180FFB6A007E1BB8 /* LogInViewController.m in Sources */,
				B28A7ECF18064E1E00E8FDE7 /* Annotation.m in Sources */,
				B2043F6018041A8E00EC884A /* SubmitViewController.m in Sources */,
				B23AB4EB181109D3007E1BB8 /* Reachability.m in Sources */,
				09ABC07F13A1D52D009C3FCF /* main.m in Sources */,
				09ABC08213A1D52D009C3FCF /* ParseStarterProjectAppDelegate.m in Sources */,
				B24237F717FBF52F0030F468 /* RootViewController.m in Sources */,
				B211EC69181A3AD600B53B40 /* PhotoViewController.m in Sources */,
				B2EC451D182CD16300802584 /* Identicon.m in Sources */,
				B211EC66181A2F7700B53B40 /* CommentTableViewCell.m in Sources */,
				B28A7ED5180696E000E8FDE7 /* DetailViewController.m in Sources */,
				B23AB4E71810F007007E1BB8 /* KeychainItemWrapper.m in Sources */,
				B23AB4DE18100ED3007E1BB8 /* SignUpViewController.m in Sources */,
			);
			runOnlyForDeploymentPostprocessing = 0;
		};
/* End PBXSourcesBuildPhase section */

/* Begin PBXVariantGroup section */
		09ABC07A13A1D52D009C3FCF /* InfoPlist.strings */ = {
			isa = PBXVariantGroup;
			children = (
				09ABC07B13A1D52D009C3FCF /* en */,
				B29689DC1828AF8600218302 /* ja */,
			);
			name = InfoPlist.strings;
			sourceTree = "<group>";
		};
		B29689E11828B13500218302 /* Localizable.strings */ = {
			isa = PBXVariantGroup;
			children = (
				B29689E01828B13500218302 /* en */,
				B29689E21828B13900218302 /* ja */,
			);
			name = Localizable.strings;
			sourceTree = "<group>";
		};
/* End PBXVariantGroup section */

/* Begin XCBuildConfiguration section */
		09ABC08C13A1D52E009C3FCF /* Debug */ = {
			isa = XCBuildConfiguration;
			buildSettings = {
				ARCHS = "$(ARCHS_STANDARD_32_BIT)";
				CODE_SIGN_IDENTITY = "";
				"CODE_SIGN_IDENTITY[sdk=iphoneos*]" = "";
				GCC_C_LANGUAGE_STANDARD = gnu99;
				GCC_OPTIMIZATION_LEVEL = 0;
				GCC_PREPROCESSOR_DEFINITIONS = DEBUG;
				GCC_SYMBOLS_PRIVATE_EXTERN = NO;
				GCC_VERSION = com.apple.compilers.llvm.clang.1_0;
				GCC_WARN_ABOUT_RETURN_TYPE = YES;
				GCC_WARN_UNUSED_VARIABLE = YES;
				IPHONEOS_DEPLOYMENT_TARGET = 4.3;
				PROVISIONING_PROFILE = "EE32D21F-AFDB-4645-BB74-D18CE79BB5E2";
				SDKROOT = iphoneos;
			};
			name = Debug;
		};
		09ABC08D13A1D52E009C3FCF /* Release */ = {
			isa = XCBuildConfiguration;
			buildSettings = {
				ARCHS = "$(ARCHS_STANDARD_32_BIT)";
				CODE_SIGN_IDENTITY = "";
				"CODE_SIGN_IDENTITY[sdk=iphoneos*]" = "";
				GCC_C_LANGUAGE_STANDARD = gnu99;
				GCC_VERSION = com.apple.compilers.llvm.clang.1_0;
				GCC_WARN_ABOUT_RETURN_TYPE = YES;
				GCC_WARN_UNUSED_VARIABLE = YES;
				IPHONEOS_DEPLOYMENT_TARGET = 4.3;
				OTHER_CFLAGS = "-DNS_BLOCK_ASSERTIONS=1";
				PROVISIONING_PROFILE = "EE32D21F-AFDB-4645-BB74-D18CE79BB5E2";
				SDKROOT = iphoneos;
			};
			name = Release;
		};
		09ABC08F13A1D52E009C3FCF /* Debug */ = {
			isa = XCBuildConfiguration;
			buildSettings = {
				ALWAYS_SEARCH_USER_PATHS = NO;
				ASSETCATALOG_COMPILER_APPICON_NAME = AppIcon;
				ASSETCATALOG_COMPILER_LAUNCHIMAGE_NAME = LaunchImage;
				CLANG_ENABLE_OBJC_ARC = YES;
				CODE_SIGN_IDENTITY = "iPhone Developer";
				"CODE_SIGN_IDENTITY[sdk=iphoneos*]" = "iPhone Developer";
				COPY_PHASE_STRIP = NO;
				FRAMEWORK_SEARCH_PATHS = (
					"$(inherited)",
					"\"$(SRCROOT)\"",
				);
				GCC_DYNAMIC_NO_PIC = NO;
				GCC_PRECOMPILE_PREFIX_HEADER = YES;
				GCC_PREFIX_HEADER = "ParseStarterProject/Clean Japan-Prefix.pch";
				GCC_VERSION = com.apple.compilers.llvm.clang.1_0;
				INFOPLIST_FILE = "ParseStarterProject/Clean Japan-Info.plist";
				IPHONEOS_DEPLOYMENT_TARGET = 6.1;
				PRODUCT_NAME = "Clean Japan";
				PROVISIONING_PROFILE = "EE32D21F-AFDB-4645-BB74-D18CE79BB5E2";
				TARGETED_DEVICE_FAMILY = 1;
				WRAPPER_EXTENSION = app;
			};
			name = Debug;
		};
		09ABC09013A1D52E009C3FCF /* Release */ = {
			isa = XCBuildConfiguration;
			buildSettings = {
				ALWAYS_SEARCH_USER_PATHS = NO;
				ASSETCATALOG_COMPILER_APPICON_NAME = AppIcon;
				ASSETCATALOG_COMPILER_LAUNCHIMAGE_NAME = LaunchImage;
				CLANG_ENABLE_OBJC_ARC = YES;
				CODE_SIGN_IDENTITY = "iPhone Developer";
				"CODE_SIGN_IDENTITY[sdk=iphoneos*]" = "iPhone Developer";
				COPY_PHASE_STRIP = YES;
				FRAMEWORK_SEARCH_PATHS = (
					"$(inherited)",
					"\"$(SRCROOT)\"",
				);
				GCC_PRECOMPILE_PREFIX_HEADER = YES;
				GCC_PREFIX_HEADER = "ParseStarterProject/Clean Japan-Prefix.pch";
				GCC_VERSION = com.apple.compilers.llvm.clang.1_0;
				INFOPLIST_FILE = "ParseStarterProject/Clean Japan-Info.plist";
				IPHONEOS_DEPLOYMENT_TARGET = 6.1;
				PRODUCT_NAME = "Clean Japan";
				PROVISIONING_PROFILE = "EE32D21F-AFDB-4645-BB74-D18CE79BB5E2";
				TARGETED_DEVICE_FAMILY = 1;
				VALIDATE_PRODUCT = YES;
				WRAPPER_EXTENSION = app;
			};
			name = Release;
		};
/* End XCBuildConfiguration section */

/* Begin XCConfigurationList section */
		09ABC06713A1D52D009C3FCF /* Build configuration list for PBXProject "Clean Japan" */ = {
			isa = XCConfigurationList;
			buildConfigurations = (
				09ABC08C13A1D52E009C3FCF /* Debug */,
				09ABC08D13A1D52E009C3FCF /* Release */,
			);
			defaultConfigurationIsVisible = 0;
			defaultConfigurationName = Release;
		};
		09ABC08E13A1D52E009C3FCF /* Build configuration list for PBXNativeTarget "Clean Japan" */ = {
			isa = XCConfigurationList;
			buildConfigurations = (
				09ABC08F13A1D52E009C3FCF /* Debug */,
				09ABC09013A1D52E009C3FCF /* Release */,
			);
			defaultConfigurationIsVisible = 0;
			defaultConfigurationName = Release;
		};
/* End XCConfigurationList section */
	};
	rootObject = 09ABC06413A1D52D009C3FCF /* Project object */;
}
